
Microsoft Visual Studio Solution File, Format Version 12.00
# Visual Studio 2012
Project("{FAE04EC0-301F-11D3-BF4B-00C04F79EFBC}") = "NassquaTest", "NassquaTest\NassquaTest.csproj", "{1249FA25-C544-46CE-BBE9-17A6A87EFAAA}"
EndProject
Project("{FAE04EC0-301F-11D3-BF4B-00C04F79EFBC}") = "NassquaDAL", "NassquaDAL\NassquaDAL.csproj", "{80AA2840-7F9C-4EBF-A8C2-A5578530A999}"
EndProject
Project("{FAE04EC0-301F-11D3-BF4B-00C04F79EFBC}") = "Models", "Models\Models.csproj", "{9AE3646F-DC1C-4C09-B0E6-CB7265E2F486}"
EndProject
Project("{FAE04EC0-301F-11D3-BF4B-00C04F79EFBC}") = "NassquaAPI", "NassquaAPI\NassquaAPI.csproj", "{8A36F62D-E5A6-4BB0-ADC0-6CD0209B2A4A}"
EndProject
Global
	GlobalSection(SolutionConfigurationPlatforms) = preSolution
		Debug|Any CPU = Debug|Any CPU
		Release|Any CPU = Release|Any CPU
	EndGlobalSection
	GlobalSection(ProjectConfigurationPlatforms) = postSolution
		{1249FA25-C544-46CE-BBE9-17A6A87EFAAA}.Debug|Any CPU.ActiveCfg = Debug|Any CPU
		{1249FA25-C544-46CE-BBE9-17A6A87EFAAA}.Debug|Any CPU.Build.0 = Debug|Any CPU
		{1249FA25-C544-46CE-BBE9-17A6A87EFAAA}.Release|Any CPU.ActiveCfg = Release|Any CPU
		{1249FA25-C544-46CE-BBE9-17A6A87EFAAA}.Release|Any CPU.Build.0 = Release|Any CPU
		{80AA2840-7F9C-4EBF-A8C2-A5578530A999}.Debug|Any CPU.ActiveCfg = Debug|Any CPU
		{80AA2840-7F9C-4EBF-A8C2-A5578530A999}.Debug|Any CPU.Build.0 = Debug|Any CPU
		{80AA2840-7F9C-4EBF-A8C2-A5578530A999}.Release|Any CPU.ActiveCfg = Release|Any CPU
		{80AA2840-7F9C-4EBF-A8C2-A5578530A999}.Release|Any CPU.Build.0 = Release|Any CPU
		{9AE3646F-DC1C-4C09-B0E6-CB7265E2F486}.Debug|Any CPU.ActiveCfg = Debug|Any CPU
		{9AE3646F-DC1C-4C09-B0E6-CB7265E2F486}.Debug|Any CPU.Build.0 = Debug|Any CPU
		{9AE3646F-DC1C-4C09-B0E6-CB7265E2F486}.Release|Any CPU.ActiveCfg = Release|Any CPU
		{9AE3646F-DC1C-4C09-B0E6-CB7265E2F486}.Release|Any CPU.Build.0 = Release|Any CPU
		{8A36F62D-E5A6-4BB0-ADC0-6CD0209B2A4A}.Debug|Any CPU.ActiveCfg = Debug|Any CPU
		{8A36F62D-E5A6-4BB0-ADC0-6CD0209B2A4A}.Debug|Any CPU.Build.0 = Debug|Any CPU
		{8A36F62D-E5A6-4BB0-ADC0-6CD0209B2A4A}.Release|Any CPU.ActiveCfg = Release|Any CPU
		{8A36F62D-E5A6-4BB0-ADC0-6CD0209B2A4A}.Release|Any CPU.Build.0 = Release|Any CPU
	EndGlobalSection
	GlobalSection(SolutionProperties) = preSolution
		HideSolutionNode = FALSE
	EndGlobalSection
EndGlobal
